
Microsoft Visual Studio Solution File, Format Version 12.00
# Visual Studio Version 16
VisualStudioVersion = 16.0.29920.165
MinimumVisualStudioVersion = 10.0.40219.1
Project("{FAE04EC0-301F-11D3-BF4B-00C04F79EFBC}") = "Modul5_Kel43_Tugas", "Modul5_Kel43_Tugas\Modul5_Kel43_Tugas.csproj", "{55A59AEE-C9F4-4FD0-B6BF-C548C2E95EB7}"
EndProject
Global
	GlobalSection(SolutionConfigurationPlatforms) = preSolution
		Debug|Any CPU = Debug|Any CPU
		Release|Any CPU = Release|Any CPU
	EndGlobalSection
	GlobalSection(ProjectConfigurationPlatforms) = postSolution
		{55A59AEE-C9F4-4FD0-B6BF-C548C2E95EB7}.Debug|Any CPU.ActiveCfg = Debug|Any CPU
		{55A59AEE-C9F4-4FD0-B6BF-C548C2E95EB7}.Debug|Any CPU.Build.0 = Debug|Any CPU
		{55A59AEE-C9F4-4FD0-B6BF-C548C2E95EB7}.Release|Any CPU.ActiveCfg = Release|Any CPU
		{55A59AEE-C9F4-4FD0-B6BF-C548C2E95EB7}.Release|Any CPU.Build.0 = Release|Any CPU
	EndGlobalSection
	GlobalSection(SolutionProperties) = preSolution
		HideSolutionNode = FALSE
	EndGlobalSection
	GlobalSection(ExtensibilityGlobals) = postSolution
		SolutionGuid = {E8919C07-EEBA-479C-850E-CBE161B88487}
	EndGlobalSection
EndGlobal
